
Microsoft Visual Studio Solution File, Format Version 12.00
# Visual Studio 14
VisualStudioVersion = 14.0.23107.0
MinimumVisualStudioVersion = 10.0.40219.1
Project("{FAE04EC0-301F-11D3-BF4B-00C04F79EFBC}") = "AdapterLib", "AdapterLib\AdapterLib.csproj", "{5254F40C-CD4C-48F9-9C55-8040F071F1B4}"
EndProject
Project("{8BC9CEB8-8B4A-11D0-8D11-00A0C91BC942}") = "UniversalMediaEngine", "UniversalMediaEngine\UniversalMediaEngine.vcxproj", "{81D46002-EC95-4423-BF6E-DBE82CCD55CA}"
EndProject
Project("{8BC9CEB8-8B4A-11D0-8D11-00A0C91BC942}") = "BridgeRT", "BridgeRT\BridgeRT.vcxproj", "{2783A617-8E1D-40D1-9684-DFAEB8DD5406}"
EndProject
Project("{8BC9CEB8-8B4A-11D0-8D11-00A0C91BC942}") = "Common", "Common\Common.vcxproj", "{4D445253-3BBA-455D-B324-ECE00D4FE480}"
EndProject
Project("{FAE04EC0-301F-11D3-BF4B-00C04F79EFBC}") = "WeatherMan", "WeatherMan\WeatherMan.csproj", "{4C87DC5C-B33B-47D5-B199-EFC20547AA66}"
EndProject
Global
	GlobalSection(SolutionConfigurationPlatforms) = preSolution
		Debug|Any CPU = Debug|Any CPU
		Debug|ARM = Debug|ARM
		Debug|x64 = Debug|x64
		Debug|x86 = Debug|x86
		Release|Any CPU = Release|Any CPU
		Release|ARM = Release|ARM
		Release|x64 = Release|x64
		Release|x86 = Release|x86
	EndGlobalSection
	GlobalSection(ProjectConfigurationPlatforms) = postSolution
		{5254F40C-CD4C-48F9-9C55-8040F071F1B4}.Debug|Any CPU.ActiveCfg = Debug|ARM
		{5254F40C-CD4C-48F9-9C55-8040F071F1B4}.Debug|Any CPU.Build.0 = Debug|ARM
		{5254F40C-CD4C-48F9-9C55-8040F071F1B4}.Debug|ARM.ActiveCfg = Debug|ARM
		{5254F40C-CD4C-48F9-9C55-8040F071F1B4}.Debug|ARM.Build.0 = Debug|ARM
		{5254F40C-CD4C-48F9-9C55-8040F071F1B4}.Debug|x64.ActiveCfg = Debug|x64
		{5254F40C-CD4C-48F9-9C55-8040F071F1B4}.Debug|x64.Build.0 = Debug|x64
		{5254F40C-CD4C-48F9-9C55-8040F071F1B4}.Debug|x86.ActiveCfg = Debug|x86
		{5254F40C-CD4C-48F9-9C55-8040F071F1B4}.Debug|x86.Build.0 = Debug|x86
		{5254F40C-CD4C-48F9-9C55-8040F071F1B4}.Release|Any CPU.ActiveCfg = Release|Any CPU
		{5254F40C-CD4C-48F9-9C55-8040F071F1B4}.Release|Any CPU.Build.0 = Release|Any CPU
		{5254F40C-CD4C-48F9-9C55-8040F071F1B4}.Release|ARM.ActiveCfg = Release|ARM
		{5254F40C-CD4C-48F9-9C55-8040F071F1B4}.Release|ARM.Build.0 = Release|ARM
		{5254F40C-CD4C-48F9-9C55-8040F071F1B4}.Release|x64.ActiveCfg = Release|x64
		{5254F40C-CD4C-48F9-9C55-8040F071F1B4}.Release|x64.Build.0 = Release|x64
		{5254F40C-CD4C-48F9-9C55-8040F071F1B4}.Release|x86.ActiveCfg = Release|x86
		{5254F40C-CD4C-48F9-9C55-8040F071F1B4}.Release|x86.Build.0 = Release|x86
		{81D46002-EC95-4423-BF6E-DBE82CCD55CA}.Debug|Any CPU.ActiveCfg = Debug|ARM
		{81D46002-EC95-4423-BF6E-DBE82CCD55CA}.Debug|Any CPU.Build.0 = Debug|ARM
		{81D46002-EC95-4423-BF6E-DBE82CCD55CA}.Debug|ARM.ActiveCfg = Debug|ARM
		{81D46002-EC95-4423-BF6E-DBE82CCD55CA}.Debug|ARM.Build.0 = Debug|ARM
		{81D46002-EC95-4423-BF6E-DBE82CCD55CA}.Debug|x64.ActiveCfg = Debug|x64
		{81D46002-EC95-4423-BF6E-DBE82CCD55CA}.Debug|x64.Build.0 = Debug|x64
		{81D46002-EC95-4423-BF6E-DBE82CCD55CA}.Debug|x86.ActiveCfg = Debug|Win32
		{81D46002-EC95-4423-BF6E-DBE82CCD55CA}.Debug|x86.Build.0 = Debug|Win32
		{81D46002-EC95-4423-BF6E-DBE82CCD55CA}.Release|Any CPU.ActiveCfg = Release|Win32
		{81D46002-EC95-4423-BF6E-DBE82CCD55CA}.Release|ARM.ActiveCfg = Release|ARM
		{81D46002-EC95-4423-BF6E-DBE82CCD55CA}.Release|ARM.Build.0 = Release|ARM
		{81D46002-EC95-4423-BF6E-DBE82CCD55CA}.Release|x64.ActiveCfg = Release|x64
		{81D46002-EC95-4423-BF6E-DBE82CCD55CA}.Release|x64.Build.0 = Release|x64
		{81D46002-EC95-4423-BF6E-DBE82CCD55CA}.Release|x86.ActiveCfg = Release|Win32
		{81D46002-EC95-4423-BF6E-DBE82CCD55CA}.Release|x86.Build.0 = Release|Win32
		{2783A617-8E1D-40D1-9684-DFAEB8DD5406}.Debug|Any CPU.ActiveCfg = Debug|ARM
		{2783A617-8E1D-40D1-9684-DFAEB8DD5406}.Debug|Any CPU.Build.0 = Debug|ARM
		{2783A617-8E1D-40D1-9684-DFAEB8DD5406}.Debug|ARM.ActiveCfg = Debug|ARM
		{2783A617-8E1D-40D1-9684-DFAEB8DD5406}.Debug|ARM.Build.0 = Debug|ARM
		{2783A617-8E1D-40D1-9684-DFAEB8DD5406}.Debug|x64.ActiveCfg = Debug|x64
		{2783A617-8E1D-40D1-9684-DFAEB8DD5406}.Debug|x64.Build.0 = Debug|x64
		{2783A617-8E1D-40D1-9684-DFAEB8DD5406}.Debug|x86.ActiveCfg = Debug|Win32
		{2783A617-8E1D-40D1-9684-DFAEB8DD5406}.Debug|x86.Build.0 = Debug|Win32
		{2783A617-8E1D-40D1-9684-DFAEB8DD5406}.Release|Any CPU.ActiveCfg = Release|Win32
		{2783A617-8E1D-40D1-9684-DFAEB8DD5406}.Release|ARM.ActiveCfg = Release|ARM
		{2783A617-8E1D-40D1-9684-DFAEB8DD5406}.Release|ARM.Build.0 = Release|ARM
		{2783A617-8E1D-40D1-9684-DFAEB8DD5406}.Release|x64.ActiveCfg = Release|x64
		{2783A617-8E1D-40D1-9684-DFAEB8DD5406}.Release|x64.Build.0 = Release|x64
		{2783A617-8E1D-40D1-9684-DFAEB8DD5406}.Release|x86.ActiveCfg = Release|Win32
		{2783A617-8E1D-40D1-9684-DFAEB8DD5406}.Release|x86.Build.0 = Release|Win32
		{4D445253-3BBA-455D-B324-ECE00D4FE480}.Debug|Any CPU.ActiveCfg = Debug|ARM
		{4D445253-3BBA-455D-B324-ECE00D4FE480}.Debug|Any CPU.Build.0 = Debug|ARM
		{4D445253-3BBA-455D-B324-ECE00D4FE480}.Debug|ARM.ActiveCfg = Debug|ARM
		{4D445253-3BBA-455D-B324-ECE00D4FE480}.Debug|ARM.Build.0 = Debug|ARM
		{4D445253-3BBA-455D-B324-ECE00D4FE480}.Debug|x64.ActiveCfg = Debug|x64
		{4D445253-3BBA-455D-B324-ECE00D4FE480}.Debug|x64.Build.0 = Debug|x64
		{4D445253-3BBA-455D-B324-ECE00D4FE480}.Debug|x86.ActiveCfg = Debug|Win32
		{4D445253-3BBA-455D-B324-ECE00D4FE480}.Debug|x86.Build.0 = Debug|Win32
		{4D445253-3BBA-455D-B324-ECE00D4FE480}.Release|Any CPU.ActiveCfg = Release|Win32
		{4D445253-3BBA-455D-B324-ECE00D4FE480}.Release|ARM.ActiveCfg = Release|ARM
		{4D445253-3BBA-455D-B324-ECE00D4FE480}.Release|ARM.Build.0 = Release|ARM
		{4D445253-3BBA-455D-B324-ECE00D4FE480}.Release|x64.ActiveCfg = Release|x64
		{4D445253-3BBA-455D-B324-ECE00D4FE480}.Release|x64.Build.0 = Release|x64
		{4D445253-3BBA-455D-B324-ECE00D4FE480}.Release|x86.ActiveCfg = Release|Win32
		{4D445253-3BBA-455D-B324-ECE00D4FE480}.Release|x86.Build.0 = Release|Win32
		{4C87DC5C-B33B-47D5-B199-EFC20547AA66}.Debug|Any CPU.ActiveCfg = Debug|ARM
		{4C87DC5C-B33B-47D5-B199-EFC20547AA66}.Debug|Any CPU.Build.0 = Debug|ARM
		{4C87DC5C-B33B-47D5-B199-EFC20547AA66}.Debug|Any CPU.Deploy.0 = Debug|ARM
		{4C87DC5C-B33B-47D5-B199-EFC20547AA66}.Debug|ARM.ActiveCfg = Debug|ARM
		{4C87DC5C-B33B-47D5-B199-EFC20547AA66}.Debug|ARM.Build.0 = Debug|ARM
		{4C87DC5C-B33B-47D5-B199-EFC20547AA66}.Debug|ARM.Deploy.0 = Debug|ARM
		{4C87DC5C-B33B-47D5-B199-EFC20547AA66}.Debug|x64.ActiveCfg = Debug|x64
		{4C87DC5C-B33B-47D5-B199-EFC20547AA66}.Debug|x64.Build.0 = Debug|x64
		{4C87DC5C-B33B-47D5-B199-EFC20547AA66}.Debug|x64.Deploy.0 = Debug|x64
		{4C87DC5C-B33B-47D5-B199-EFC20547AA66}.Debug|x86.ActiveCfg = Debug|x86
		{4C87DC5C-B33B-47D5-B199-EFC20547AA66}.Debug|x86.Build.0 = Debug|x86
		{4C87DC5C-B33B-47D5-B199-EFC20547AA66}.Debug|x86.Deploy.0 = Debug|x86
		{4C87DC5C-B33B-47D5-B199-EFC20547AA66}.Release|Any CPU.ActiveCfg = Release|x86
		{4C87DC5C-B33B-47D5-B199-EFC20547AA66}.Release|ARM.ActiveCfg = Release|ARM
		{4C87DC5C-B33B-47D5-B199-EFC20547AA66}.Release|ARM.Build.0 = Release|ARM
		{4C87DC5C-B33B-47D5-B199-EFC20547AA66}.Release|ARM.Deploy.0 = Release|ARM
		{4C87DC5C-B33B-47D5-B199-EFC20547AA66}.Release|x64.ActiveCfg = Release|x64
		{4C87DC5C-B33B-47D5-B199-EFC20547AA66}.Release|x64.Build.0 = Release|x64
		{4C87DC5C-B33B-47D5-B199-EFC20547AA66}.Release|x64.Deploy.0 = Release|x64
		{4C87DC5C-B33B-47D5-B199-EFC20547AA66}.Release|x86.ActiveCfg = Release|x86
		{4C87DC5C-B33B-47D5-B199-EFC20547AA66}.Release|x86.Build.0 = Release|x86
		{4C87DC5C-B33B-47D5-B199-EFC20547AA66}.Release|x86.Deploy.0 = Release|x86
	EndGlobalSection
	GlobalSection(SolutionProperties) = preSolution
		HideSolutionNode = FALSE
	EndGlobalSection
EndGlobal
